
Microsoft Visual Studio Solution File, Format Version 12.00
# Visual Studio Version 16
VisualStudioVersion = 16.0.33214.272
MinimumVisualStudioVersion = 10.0.40219.1
Project("{FAE04EC0-301F-11D3-BF4B-00C04F79EFBC}") = "movie", "movie.csproj", "{EB4225E7-483C-4055-B215-7857DB550759}"
EndProject
Global
	GlobalSection(SolutionConfigurationPlatforms) = preSolution
		Debug|Any CPU = Debug|Any CPU
		Release|Any CPU = Release|Any CPU
	EndGlobalSection
	GlobalSection(ProjectConfigurationPlatforms) = postSolution
		{EB4225E7-483C-4055-B215-7857DB550759}.Debug|Any CPU.ActiveCfg = Debug|Any CPU
		{EB4225E7-483C-4055-B215-7857DB550759}.Debug|Any CPU.Build.0 = Debug|Any CPU
		{EB4225E7-483C-4055-B215-7857DB550759}.Release|Any CPU.ActiveCfg = Release|Any CPU
		{EB4225E7-483C-4055-B215-7857DB550759}.Release|Any CPU.Build.0 = Release|Any CPU
	EndGlobalSection
	GlobalSection(SolutionProperties) = preSolution
		HideSolutionNode = FALSE
	EndGlobalSection
	GlobalSection(ExtensibilityGlobals) = postSolution
		SolutionGuid = {50EF99EE-8D80-41D9-A109-0B91836301EB}
	EndGlobalSection
EndGlobal
